// !$*UTF8*$!
{
	archiveVersion = 1;
	classes = {
	};
	objectVersion = 56;
	objects = {

/* Begin PBXBuildFile section */
		4793BF162B8E3F62001E7100 /* AppDelegate.swift in Sources */ = {isa = PBXBuildFile; fileRef = 4793BF152B8E3F62001E7100 /* AppDelegate.swift */; };
		4793BF182B8E3F62001E7100 /* SceneDelegate.swift in Sources */ = {isa = PBXBuildFile; fileRef = 4793BF172B8E3F62001E7100 /* SceneDelegate.swift */; };
		4793BF1A2B8E3F62001E7100 /* MainViewController.swift in Sources */ = {isa = PBXBuildFile; fileRef = 4793BF192B8E3F62001E7100 /* MainViewController.swift */; };
		4793BF1F2B8E3F63001E7100 /* Assets.xcassets in Resources */ = {isa = PBXBuildFile; fileRef = 4793BF1E2B8E3F63001E7100 /* Assets.xcassets */; };
		4793BF222B8E3F63001E7100 /* LaunchScreen.storyboard in Resources */ = {isa = PBXBuildFile; fileRef = 4793BF202B8E3F63001E7100 /* LaunchScreen.storyboard */; };
		4793BF342B8E44AA001E7100 /* MainViewController + TableView.swift in Sources */ = {isa = PBXBuildFile; fileRef = 4793BF332B8E44AA001E7100 /* MainViewController + TableView.swift */; };
		4793BF372B8E4588001E7100 /* TableViewCell.swift in Sources */ = {isa = PBXBuildFile; fileRef = 4793BF362B8E4588001E7100 /* TableViewCell.swift */; };
		4793BF392B8E460A001E7100 /* UILabel + Extension.swift in Sources */ = {isa = PBXBuildFile; fileRef = 4793BF382B8E460A001E7100 /* UILabel + Extension.swift */; };
		4793BF3B2B8E4613001E7100 /* UIStackView + Extension.swift in Sources */ = {isa = PBXBuildFile; fileRef = 4793BF3A2B8E4613001E7100 /* UIStackView + Extension.swift */; };
		4793BF3D2B8E49E3001E7100 /* Model.swift in Sources */ = {isa = PBXBuildFile; fileRef = 4793BF3C2B8E49E3001E7100 /* Model.swift */; };
		4793BF3F2B8E4A3A001E7100 /* ServiceManager.swift in Sources */ = {isa = PBXBuildFile; fileRef = 4793BF3E2B8E4A3A001E7100 /* ServiceManager.swift */; };
		4793BF412B8E4A51001E7100 /* Constant.swift in Sources */ = {isa = PBXBuildFile; fileRef = 4793BF402B8E4A51001E7100 /* Constant.swift */; };
		4793BF432B8E4B41001E7100 /* Observable.swift in Sources */ = {isa = PBXBuildFile; fileRef = 4793BF422B8E4B41001E7100 /* Observable.swift */; };
		4793BF452B8E4B95001E7100 /* MainViewModel.swift in Sources */ = {isa = PBXBuildFile; fileRef = 4793BF442B8E4B95001E7100 /* MainViewModel.swift */; };
		4793BF472B8E4C19001E7100 /* MovieTableViewCellModel.swift in Sources */ = {isa = PBXBuildFile; fileRef = 4793BF462B8E4C19001E7100 /* MovieTableViewCellModel.swift */; };
		4793BF492B8E51C5001E7100 /* MainViewController + UISearchBar.swift in Sources */ = {isa = PBXBuildFile; fileRef = 4793BF482B8E51C5001E7100 /* MainViewController + UISearchBar.swift */; };
/* End PBXBuildFile section */

/* Begin PBXFileReference section */
		4793BF122B8E3F62001E7100 /* MovieSearch.app */ = {isa = PBXFileReference; explicitFileType = wrapper.application; includeInIndex = 0; path = MovieSearch.app; sourceTree = BUILT_PRODUCTS_DIR; };
		4793BF152B8E3F62001E7100 /* AppDelegate.swift */ = {isa = PBXFileReference; lastKnownFileType = sourcecode.swift; path = AppDelegate.swift; sourceTree = "<group>"; };
		4793BF172B8E3F62001E7100 /* SceneDelegate.swift */ = {isa = PBXFileReference; lastKnownFileType = sourcecode.swift; path = SceneDelegate.swift; sourceTree = "<group>"; };
		4793BF192B8E3F62001E7100 /* MainViewController.swift */ = {isa = PBXFileReference; lastKnownFileType = sourcecode.swift; path = MainViewController.swift; sourceTree = "<group>"; };
		4793BF1E2B8E3F63001E7100 /* Assets.xcassets */ = {isa = PBXFileReference; lastKnownFileType = folder.assetcatalog; path = Assets.xcassets; sourceTree = "<group>"; };
		4793BF212B8E3F63001E7100 /* Base */ = {isa = PBXFileReference; lastKnownFileType = file.storyboard; name = Base; path = Base.lproj/LaunchScreen.storyboard; sourceTree = "<group>"; };
		4793BF232B8E3F63001E7100 /* Info.plist */ = {isa = PBXFileReference; lastKnownFileType = text.plist.xml; path = Info.plist; sourceTree = "<group>"; };
		4793BF332B8E44AA001E7100 /* MainViewController + TableView.swift */ = {isa = PBXFileReference; lastKnownFileType = sourcecode.swift; path = "MainViewController + TableView.swift"; sourceTree = "<group>"; };
		4793BF362B8E4588001E7100 /* TableViewCell.swift */ = {isa = PBXFileReference; lastKnownFileType = sourcecode.swift; path = TableViewCell.swift; sourceTree = "<group>"; };
		4793BF382B8E460A001E7100 /* UILabel + Extension.swift */ = {isa = PBXFileReference; fileEncoding = 4; lastKnownFileType = sourcecode.swift; path = "UILabel + Extension.swift"; sourceTree = "<group>"; };
		4793BF3A2B8E4613001E7100 /* UIStackView + Extension.swift */ = {isa = PBXFileReference; fileEncoding = 4; lastKnownFileType = sourcecode.swift; path = "UIStackView + Extension.swift"; sourceTree = "<group>"; };
		4793BF3C2B8E49E3001E7100 /* Model.swift */ = {isa = PBXFileReference; fileEncoding = 4; lastKnownFileType = sourcecode.swift; path = Model.swift; sourceTree = "<group>"; };
		4793BF3E2B8E4A3A001E7100 /* ServiceManager.swift */ = {isa = PBXFileReference; fileEncoding = 4; lastKnownFileType = sourcecode.swift; path = ServiceManager.swift; sourceTree = "<group>"; };
		4793BF402B8E4A51001E7100 /* Constant.swift */ = {isa = PBXFileReference; fileEncoding = 4; lastKnownFileType = sourcecode.swift; path = Constant.swift; sourceTree = "<group>"; };
		4793BF422B8E4B41001E7100 /* Observable.swift */ = {isa = PBXFileReference; fileEncoding = 4; lastKnownFileType = sourcecode.swift; path = Observable.swift; sourceTree = "<group>"; };
		4793BF442B8E4B95001E7100 /* MainViewModel.swift */ = {isa = PBXFileReference; lastKnownFileType = sourcecode.swift; path = MainViewModel.swift; sourceTree = "<group>"; };
		4793BF462B8E4C19001E7100 /* MovieTableViewCellModel.swift */ = {isa = PBXFileReference; fileEncoding = 4; lastKnownFileType = sourcecode.swift; path = MovieTableViewCellModel.swift; sourceTree = "<group>"; };
		4793BF482B8E51C5001E7100 /* MainViewController + UISearchBar.swift */ = {isa = PBXFileReference; fileEncoding = 4; lastKnownFileType = sourcecode.swift; path = "MainViewController + UISearchBar.swift"; sourceTree = "<group>"; };
/* End PBXFileReference section */

/* Begin PBXFrameworksBuildPhase section */
		4793BF0F2B8E3F62001E7100 /* Frameworks */ = {
			isa = PBXFrameworksBuildPhase;
			buildActionMask = 2147483647;
			files = (
			);
			runOnlyForDeploymentPostprocessing = 0;
		};
/* End PBXFrameworksBuildPhase section */

/* Begin PBXGroup section */
		4793BF092B8E3F62001E7100 = {
			isa = PBXGroup;
			children = (
				4793BF142B8E3F62001E7100 /* MovieSearch */,
				4793BF132B8E3F62001E7100 /* Products */,
			);
			sourceTree = "<group>";
		};
		4793BF132B8E3F62001E7100 /* Products */ = {
			isa = PBXGroup;
			children = (
				4793BF122B8E3F62001E7100 /* MovieSearch.app */,
			);
			name = Products;
			sourceTree = "<group>";
		};
		4793BF142B8E3F62001E7100 /* MovieSearch */ = {
			isa = PBXGroup;
			children = (
				4793BF292B8E3FD8001E7100 /* Application */,
				4793BF322B8E447B001E7100 /* Network */,
				4793BF302B8E4447001E7100 /* View */,
				4793BF2F2B8E443F001E7100 /* Model */,
				4793BF2E2B8E442A001E7100 /* ViewModel */,
				4793BF2B2B8E4309001E7100 /* Controllers */,
				4793BF312B8E4451001E7100 /* Helpers */,
				4793BF2A2B8E3FF1001E7100 /* Resources */,
			);
			path = MovieSearch;
			sourceTree = "<group>";
		};
		4793BF292B8E3FD8001E7100 /* Application */ = {
			isa = PBXGroup;
			children = (
				4793BF152B8E3F62001E7100 /* AppDelegate.swift */,
				4793BF172B8E3F62001E7100 /* SceneDelegate.swift */,
			);
			path = Application;
			sourceTree = "<group>";
		};
		4793BF2A2B8E3FF1001E7100 /* Resources */ = {
			isa = PBXGroup;
			children = (
				4793BF1E2B8E3F63001E7100 /* Assets.xcassets */,
				4793BF202B8E3F63001E7100 /* LaunchScreen.storyboard */,
				4793BF232B8E3F63001E7100 /* Info.plist */,
			);
			path = Resources;
			sourceTree = "<group>";
		};
		4793BF2B2B8E4309001E7100 /* Controllers */ = {
			isa = PBXGroup;
			children = (
				4793BF2C2B8E4312001E7100 /* MainVC */,
				4793BF2D2B8E432A001E7100 /* DetailVC */,
			);
			path = Controllers;
			sourceTree = "<group>";
		};
		4793BF2C2B8E4312001E7100 /* MainVC */ = {
			isa = PBXGroup;
			children = (
				4793BF192B8E3F62001E7100 /* MainViewController.swift */,
				4793BF332B8E44AA001E7100 /* MainViewController + TableView.swift */,
				4793BF482B8E51C5001E7100 /* MainViewController + UISearchBar.swift */,
			);
			path = MainVC;
			sourceTree = "<group>";
		};
		4793BF2D2B8E432A001E7100 /* DetailVC */ = {
			isa = PBXGroup;
			children = (
			);
			path = DetailVC;
			sourceTree = "<group>";
		};
		4793BF2E2B8E442A001E7100 /* ViewModel */ = {
			isa = PBXGroup;
			children = (
				4793BF442B8E4B95001E7100 /* MainViewModel.swift */,
				4793BF462B8E4C19001E7100 /* MovieTableViewCellModel.swift */,
			);
			path = ViewModel;
			sourceTree = "<group>";
		};
		4793BF2F2B8E443F001E7100 /* Model */ = {
			isa = PBXGroup;
			children = (
				4793BF3C2B8E49E3001E7100 /* Model.swift */,
			);
			path = Model;
			sourceTree = "<group>";
		};
		4793BF302B8E4447001E7100 /* View */ = {
			isa = PBXGroup;
			children = (
				4793BF352B8E4573001E7100 /* TableViewCell */,
			);
			path = View;
			sourceTree = "<group>";
		};
		4793BF312B8E4451001E7100 /* Helpers */ = {
			isa = PBXGroup;
			children = (
				4793BF422B8E4B41001E7100 /* Observable.swift */,
				4793BF382B8E460A001E7100 /* UILabel + Extension.swift */,
				4793BF3A2B8E4613001E7100 /* UIStackView + Extension.swift */,
			);
			path = Helpers;
			sourceTree = "<group>";
		};
		4793BF322B8E447B001E7100 /* Network */ = {
			isa = PBXGroup;
			children = (
				4793BF3E2B8E4A3A001E7100 /* ServiceManager.swift */,
				4793BF402B8E4A51001E7100 /* Constant.swift */,
			);
			path = Network;
			sourceTree = "<group>";
		};
		4793BF352B8E4573001E7100 /* TableViewCell */ = {
			isa = PBXGroup;
			children = (
				4793BF362B8E4588001E7100 /* TableViewCell.swift */,
			);
			path = TableViewCell;
			sourceTree = "<group>";
		};
/* End PBXGroup section */

/* Begin PBXNativeTarget section */
		4793BF112B8E3F62001E7100 /* MovieSearch */ = {
			isa = PBXNativeTarget;
			buildConfigurationList = 4793BF262B8E3F63001E7100 /* Build configuration list for PBXNativeTarget "MovieSearch" */;
			buildPhases = (
				4793BF0E2B8E3F62001E7100 /* Sources */,
				4793BF0F2B8E3F62001E7100 /* Frameworks */,
				4793BF102B8E3F62001E7100 /* Resources */,
			);
			buildRules = (
			);
			dependencies = (
			);
			name = MovieSearch;
			productName = MovieSearch;
			productReference = 4793BF122B8E3F62001E7100 /* MovieSearch.app */;
			productType = "com.apple.product-type.application";
		};
/* End PBXNativeTarget section */

/* Begin PBXProject section */
		4793BF0A2B8E3F62001E7100 /* Project object */ = {
			isa = PBXProject;
			attributes = {
				BuildIndependentTargetsInParallel = 1;
				LastSwiftUpdateCheck = 1510;
				LastUpgradeCheck = 1510;
				TargetAttributes = {
					4793BF112B8E3F62001E7100 = {
						CreatedOnToolsVersion = 15.1;
					};
				};
			};
			buildConfigurationList = 4793BF0D2B8E3F62001E7100 /* Build configuration list for PBXProject "MovieSearch" */;
			compatibilityVersion = "Xcode 14.0";
			developmentRegion = en;
			hasScannedForEncodings = 0;
			knownRegions = (
				en,
				Base,
			);
			mainGroup = 4793BF092B8E3F62001E7100;
			productRefGroup = 4793BF132B8E3F62001E7100 /* Products */;
			projectDirPath = "";
			projectRoot = "";
			targets = (
				4793BF112B8E3F62001E7100 /* MovieSearch */,
			);
		};
/* End PBXProject section */

/* Begin PBXResourcesBuildPhase section */
		4793BF102B8E3F62001E7100 /* Resources */ = {
			isa = PBXResourcesBuildPhase;
			buildActionMask = 2147483647;
			files = (
				4793BF222B8E3F63001E7100 /* LaunchScreen.storyboard in Resources */,
				4793BF1F2B8E3F63001E7100 /* Assets.xcassets in Resources */,
			);
			runOnlyForDeploymentPostprocessing = 0;
		};
/* End PBXResourcesBuildPhase section */

/* Begin PBXSourcesBuildPhase section */
		4793BF0E2B8E3F62001E7100 /* Sources */ = {
			isa = PBXSourcesBuildPhase;
			buildActionMask = 2147483647;
			files = (
				4793BF392B8E460A001E7100 /* UILabel + Extension.swift in Sources */,
				4793BF3B2B8E4613001E7100 /* UIStackView + Extension.swift in Sources */,
				4793BF372B8E4588001E7100 /* TableViewCell.swift in Sources */,
				4793BF1A2B8E3F62001E7100 /* MainViewController.swift in Sources */,
				4793BF342B8E44AA001E7100 /* MainViewController + TableView.swift in Sources */,
				4793BF492B8E51C5001E7100 /* MainViewController + UISearchBar.swift in Sources */,
				4793BF432B8E4B41001E7100 /* Observable.swift in Sources */,
				4793BF3F2B8E4A3A001E7100 /* ServiceManager.swift in Sources */,
				4793BF162B8E3F62001E7100 /* AppDelegate.swift in Sources */,
				4793BF412B8E4A51001E7100 /* Constant.swift in Sources */,
				4793BF182B8E3F62001E7100 /* SceneDelegate.swift in Sources */,
				4793BF3D2B8E49E3001E7100 /* Model.swift in Sources */,
				4793BF452B8E4B95001E7100 /* MainViewModel.swift in Sources */,
				4793BF472B8E4C19001E7100 /* MovieTableViewCellModel.swift in Sources */,
			);
			runOnlyForDeploymentPostprocessing = 0;
		};
/* End PBXSourcesBuildPhase section */

/* Begin PBXVariantGroup section */
		4793BF202B8E3F63001E7100 /* LaunchScreen.storyboard */ = {
			isa = PBXVariantGroup;
			children = (
				4793BF212B8E3F63001E7100 /* Base */,
			);
			name = LaunchScreen.storyboard;
			sourceTree = "<group>";
		};
/* End PBXVariantGroup section */

/* Begin XCBuildConfiguration section */
		4793BF242B8E3F63001E7100 /* Debug */ = {
			isa = XCBuildConfiguration;
			buildSettings = {
				ALWAYS_SEARCH_USER_PATHS = NO;
				ASSETCATALOG_COMPILER_GENERATE_SWIFT_ASSET_SYMBOL_EXTENSIONS = YES;
				CLANG_ANALYZER_NONNULL = YES;
				CLANG_ANALYZER_NUMBER_OBJECT_CONVERSION = YES_AGGRESSIVE;
				CLANG_CXX_LANGUAGE_STANDARD = "gnu++20";
				CLANG_ENABLE_MODULES = YES;
				CLANG_ENABLE_OBJC_ARC = YES;
				CLANG_ENABLE_OBJC_WEAK = YES;
				CLANG_WARN_BLOCK_CAPTURE_AUTORELEASING = YES;
				CLANG_WARN_BOOL_CONVERSION = YES;
				CLANG_WARN_COMMA = YES;
				CLANG_WARN_CONSTANT_CONVERSION = YES;
				CLANG_WARN_DEPRECATED_OBJC_IMPLEMENTATIONS = YES;
				CLANG_WARN_DIRECT_OBJC_ISA_USAGE = YES_ERROR;
				CLANG_WARN_DOCUMENTATION_COMMENTS = YES;
				CLANG_WARN_EMPTY_BODY = YES;
				CLANG_WARN_ENUM_CONVERSION = YES;
				CLANG_WARN_INFINITE_RECURSION = YES;
				CLANG_WARN_INT_CONVERSION = YES;
				CLANG_WARN_NON_LITERAL_NULL_CONVERSION = YES;
				CLANG_WARN_OBJC_IMPLICIT_RETAIN_SELF = YES;
				CLANG_WARN_OBJC_LITERAL_CONVERSION = YES;
				CLANG_WARN_OBJC_ROOT_CLASS = YES_ERROR;
				CLANG_WARN_QUOTED_INCLUDE_IN_FRAMEWORK_HEADER = YES;
				CLANG_WARN_RANGE_LOOP_ANALYSIS = YES;
				CLANG_WARN_STRICT_PROTOTYPES = YES;
				CLANG_WARN_SUSPICIOUS_MOVE = YES;
				CLANG_WARN_UNGUARDED_AVAILABILITY = YES_AGGRESSIVE;
				CLANG_WARN_UNREACHABLE_CODE = YES;
				CLANG_WARN__DUPLICATE_METHOD_MATCH = YES;
				COPY_PHASE_STRIP = NO;
				DEBUG_INFORMATION_FORMAT = dwarf;
				ENABLE_STRICT_OBJC_MSGSEND = YES;
				ENABLE_TESTABILITY = YES;
				ENABLE_USER_SCRIPT_SANDBOXING = YES;
				GCC_C_LANGUAGE_STANDARD = gnu17;
				GCC_DYNAMIC_NO_PIC = NO;
				GCC_NO_COMMON_BLOCKS = YES;
				GCC_OPTIMIZATION_LEVEL = 0;
				GCC_PREPROCESSOR_DEFINITIONS = (
					"DEBUG=1",
					"$(inherited)",
				);
				GCC_WARN_64_TO_32_BIT_CONVERSION = YES;
				GCC_WARN_ABOUT_RETURN_TYPE = YES_ERROR;
				GCC_WARN_UNDECLARED_SELECTOR = YES;
				GCC_WARN_UNINITIALIZED_AUTOS = YES_AGGRESSIVE;
				GCC_WARN_UNUSED_FUNCTION = YES;
				GCC_WARN_UNUSED_VARIABLE = YES;
				IPHONEOS_DEPLOYMENT_TARGET = 17.2;
				LOCALIZATION_PREFERS_STRING_CATALOGS = YES;
				MTL_ENABLE_DEBUG_INFO = INCLUDE_SOURCE;
				MTL_FAST_MATH = YES;
				ONLY_ACTIVE_ARCH = YES;
				SDKROOT = iphoneos;
				SWIFT_ACTIVE_COMPILATION_CONDITIONS = "DEBUG $(inherited)";
				SWIFT_OPTIMIZATION_LEVEL = "-Onone";
			};
			name = Debug;
		};
		4793BF252B8E3F63001E7100 /* Release */ = {
			isa = XCBuildConfiguration;
			buildSettings = {
				ALWAYS_SEARCH_USER_PATHS = NO;
				ASSETCATALOG_COMPILER_GENERATE_SWIFT_ASSET_SYMBOL_EXTENSIONS = YES;
				CLANG_ANALYZER_NONNULL = YES;
				CLANG_ANALYZER_NUMBER_OBJECT_CONVERSION = YES_AGGRESSIVE;
				CLANG_CXX_LANGUAGE_STANDARD = "gnu++20";
				CLANG_ENABLE_MODULES = YES;
				CLANG_ENABLE_OBJC_ARC = YES;
				CLANG_ENABLE_OBJC_WEAK = YES;
				CLANG_WARN_BLOCK_CAPTURE_AUTORELEASING = YES;
				CLANG_WARN_BOOL_CONVERSION = YES;
				CLANG_WARN_COMMA = YES;
				CLANG_WARN_CONSTANT_CONVERSION = YES;
				CLANG_WARN_DEPRECATED_OBJC_IMPLEMENTATIONS = YES;
				CLANG_WARN_DIRECT_OBJC_ISA_USAGE = YES_ERROR;
				CLANG_WARN_DOCUMENTATION_COMMENTS = YES;
				CLANG_WARN_EMPTY_BODY = YES;
				CLANG_WARN_ENUM_CONVERSION = YES;
				CLANG_WARN_INFINITE_RECURSION = YES;
				CLANG_WARN_INT_CONVERSION = YES;
				CLANG_WARN_NON_LITERAL_NULL_CONVERSION = YES;
				CLANG_WARN_OBJC_IMPLICIT_RETAIN_SELF = YES;
				CLANG_WARN_OBJC_LITERAL_CONVERSION = YES;
				CLANG_WARN_OBJC_ROOT_CLASS = YES_ERROR;
				CLANG_WARN_QUOTED_INCLUDE_IN_FRAMEWORK_HEADER = YES;
				CLANG_WARN_RANGE_LOOP_ANALYSIS = YES;
				CLANG_WARN_STRICT_PROTOTYPES = YES;
				CLANG_WARN_SUSPICIOUS_MOVE = YES;
				CLANG_WARN_UNGUARDED_AVAILABILITY = YES_AGGRESSIVE;
				CLANG_WARN_UNREACHABLE_CODE = YES;
				CLANG_WARN__DUPLICATE_METHOD_MATCH = YES;
				COPY_PHASE_STRIP = NO;
				DEBUG_INFORMATION_FORMAT = "dwarf-with-dsym";
				ENABLE_NS_ASSERTIONS = NO;
				ENABLE_STRICT_OBJC_MSGSEND = YES;
				ENABLE_USER_SCRIPT_SANDBOXING = YES;
				GCC_C_LANGUAGE_STANDARD = gnu17;
				GCC_NO_COMMON_BLOCKS = YES;
				GCC_WARN_64_TO_32_BIT_CONVERSION = YES;
				GCC_WARN_ABOUT_RETURN_TYPE = YES_ERROR;
				GCC_WARN_UNDECLARED_SELECTOR = YES;
				GCC_WARN_UNINITIALIZED_AUTOS = YES_AGGRESSIVE;
				GCC_WARN_UNUSED_FUNCTION = YES;
				GCC_WARN_UNUSED_VARIABLE = YES;
				IPHONEOS_DEPLOYMENT_TARGET = 17.2;
				LOCALIZATION_PREFERS_STRING_CATALOGS = YES;
				MTL_ENABLE_DEBUG_INFO = NO;
				MTL_FAST_MATH = YES;
				SDKROOT = iphoneos;
				SWIFT_COMPILATION_MODE = wholemodule;
				VALIDATE_PRODUCT = YES;
			};
			name = Release;
		};
		4793BF272B8E3F63001E7100 /* Debug */ = {
			isa = XCBuildConfiguration;
			buildSettings = {
				ASSETCATALOG_COMPILER_APPICON_NAME = AppIcon;
				ASSETCATALOG_COMPILER_GLOBAL_ACCENT_COLOR_NAME = AccentColor;
				CODE_SIGN_STYLE = Automatic;
				CURRENT_PROJECT_VERSION = 1;
				DEVELOPMENT_TEAM = G249G7DU5T;
				GENERATE_INFOPLIST_FILE = YES;
				INFOPLIST_FILE = MovieSearch/Resources/Info.plist;
				INFOPLIST_KEY_UIApplicationSupportsIndirectInputEvents = YES;
				INFOPLIST_KEY_UILaunchStoryboardName = LaunchScreen;
				INFOPLIST_KEY_UIMainStoryboardFile = "";
				INFOPLIST_KEY_UISupportedInterfaceOrientations_iPad = "UIInterfaceOrientationPortrait UIInterfaceOrientationPortraitUpsideDown UIInterfaceOrientationLandscapeLeft UIInterfaceOrientationLandscapeRight";
				INFOPLIST_KEY_UISupportedInterfaceOrientations_iPhone = "UIInterfaceOrientationPortrait UIInterfaceOrientationLandscapeLeft UIInterfaceOrientationLandscapeRight";
				LD_RUNPATH_SEARCH_PATHS = (
					"$(inherited)",
					"@executable_path/Frameworks",
				);
				MARKETING_VERSION = 1.0;
				PRODUCT_BUNDLE_IDENTIFIER = Pet.MovieSearch;
				PRODUCT_NAME = "$(TARGET_NAME)";
				SWIFT_EMIT_LOC_STRINGS = YES;
				SWIFT_VERSION = 5.0;
				TARGETED_DEVICE_FAMILY = "1,2";
			};
			name = Debug;
		};
		4793BF282B8E3F63001E7100 /* Release */ = {
			isa = XCBuildConfiguration;
			buildSettings = {
				ASSETCATALOG_COMPILER_APPICON_NAME = AppIcon;
				ASSETCATALOG_COMPILER_GLOBAL_ACCENT_COLOR_NAME = AccentColor;
				CODE_SIGN_STYLE = Automatic;
				CURRENT_PROJECT_VERSION = 1;
				DEVELOPMENT_TEAM = G249G7DU5T;
				GENERATE_INFOPLIST_FILE = YES;
				INFOPLIST_FILE = MovieSearch/Resources/Info.plist;
				INFOPLIST_KEY_UIApplicationSupportsIndirectInputEvents = YES;
				INFOPLIST_KEY_UILaunchStoryboardName = LaunchScreen;
				INFOPLIST_KEY_UIMainStoryboardFile = "";
				INFOPLIST_KEY_UISupportedInterfaceOrientations_iPad = "UIInterfaceOrientationPortrait UIInterfaceOrientationPortraitUpsideDown UIInterfaceOrientationLandscapeLeft UIInterfaceOrientationLandscapeRight";
				INFOPLIST_KEY_UISupportedInterfaceOrientations_iPhone = "UIInterfaceOrientationPortrait UIInterfaceOrientationLandscapeLeft UIInterfaceOrientationLandscapeRight";
				LD_RUNPATH_SEARCH_PATHS = (
					"$(inherited)",
					"@executable_path/Frameworks",
				);
				MARKETING_VERSION = 1.0;
				PRODUCT_BUNDLE_IDENTIFIER = Pet.MovieSearch;
				PRODUCT_NAME = "$(TARGET_NAME)";
				SWIFT_EMIT_LOC_STRINGS = YES;
				SWIFT_VERSION = 5.0;
				TARGETED_DEVICE_FAMILY = "1,2";
			};
			name = Release;
		};
/* End XCBuildConfiguration section */

/* Begin XCConfigurationList section */
		4793BF0D2B8E3F62001E7100 /* Build configuration list for PBXProject "MovieSearch" */ = {
			isa = XCConfigurationList;
			buildConfigurations = (
				4793BF242B8E3F63001E7100 /* Debug */,
				4793BF252B8E3F63001E7100 /* Release */,
			);
			defaultConfigurationIsVisible = 0;
			defaultConfigurationName = Release;
		};
		4793BF262B8E3F63001E7100 /* Build configuration list for PBXNativeTarget "MovieSearch" */ = {
			isa = XCConfigurationList;
			buildConfigurations = (
				4793BF272B8E3F63001E7100 /* Debug */,
				4793BF282B8E3F63001E7100 /* Release */,
			);
			defaultConfigurationIsVisible = 0;
			defaultConfigurationName = Release;
		};
/* End XCConfigurationList section */
	};
	rootObject = 4793BF0A2B8E3F62001E7100 /* Project object */;
}
